Microsoft Visual Studio Solution File, Format Version 12.00
# Visual Studio 2012
Project("{FAE04EC0-301F-11D3-BF4B-00C04F79EFBC}") = "The Stagecoach", "The Stagecoach.csproj", "{CADE7090-E1A3-4429-B9E4-E7831A80C5C3}"
EndProject
Global
	GlobalSection(SolutionConfigurationPlatforms) = preSolution
	Debug|Any CPU = Debug|Any CPU
	ExportDebug|Any CPU = ExportDebug|Any CPU
	ExportRelease|Any CPU = ExportRelease|Any CPU
	EndGlobalSection
	GlobalSection(ProjectConfigurationPlatforms) = postSolution
		{CADE7090-E1A3-4429-B9E4-E7831A80C5C3}.Debug|Any CPU.ActiveCfg = Debug|Any CPU
		{CADE7090-E1A3-4429-B9E4-E7831A80C5C3}.Debug|Any CPU.Build.0 = Debug|Any CPU
		{CADE7090-E1A3-4429-B9E4-E7831A80C5C3}.ExportDebug|Any CPU.ActiveCfg = ExportDebug|Any CPU
		{CADE7090-E1A3-4429-B9E4-E7831A80C5C3}.ExportDebug|Any CPU.Build.0 = ExportDebug|Any CPU
		{CADE7090-E1A3-4429-B9E4-E7831A80C5C3}.ExportRelease|Any CPU.ActiveCfg = ExportRelease|Any CPU
		{CADE7090-E1A3-4429-B9E4-E7831A80C5C3}.ExportRelease|Any CPU.Build.0 = ExportRelease|Any CPU
	EndGlobalSection
EndGlobal
